
Microsoft Visual Studio Solution File, Format Version 12.00
# Visual Studio Version 16
VisualStudioVersion = 16.0.30413.136
MinimumVisualStudioVersion = 10.0.40219.1
Project("{FAE04EC0-301F-11D3-BF4B-00C04F79EFBC}") = "TestProject", "TestProject\TestProject.csproj", "{6BCED0DA-D6D6-4C34-9391-9A00591B4BB3}"
EndProject
Global
	GlobalSection(SolutionConfigurationPlatforms) = preSolution
		Debug|Any CPU = Debug|Any CPU
		Release|Any CPU = Release|Any CPU
	EndGlobalSection
	GlobalSection(ProjectConfigurationPlatforms) = postSolution
		{6BCED0DA-D6D6-4C34-9391-9A00591B4BB3}.Debug|Any CPU.ActiveCfg = Debug|Any CPU
		{6BCED0DA-D6D6-4C34-9391-9A00591B4BB3}.Debug|Any CPU.Build.0 = Debug|Any CPU
		{6BCED0DA-D6D6-4C34-9391-9A00591B4BB3}.Release|Any CPU.ActiveCfg = Release|Any CPU
		{6BCED0DA-D6D6-4C34-9391-9A00591B4BB3}.Release|Any CPU.Build.0 = Release|Any CPU
	EndGlobalSection
	GlobalSection(SolutionProperties) = preSolution
		HideSolutionNode = FALSE
	EndGlobalSection
	GlobalSection(ExtensibilityGlobals) = postSolution
		SolutionGuid = {2D94A4A2-5CAF-4708-AFD2-E9A69C64B695}
	EndGlobalSection
EndGlobal
